
Microsoft Visual Studio Solution File, Format Version 12.00
# Visual Studio Version 16
VisualStudioVersion = 16.0.31624.102
MinimumVisualStudioVersion = 10.0.40219.1
Project("{9A19103F-16F7-4668-BE54-9A1E7A4F7556}") = "VariantA", "VariantA\VariantA.csproj", "{1F503FFD-A31B-4A00-B8A6-EE1F0DB547FA}"
EndProject
Project("{FAE04EC0-301F-11D3-BF4B-00C04F79EFBC}") = "VariantB", "VariantB\VariantB.csproj", "{FB111053-23FA-48B2-B8A7-A58EF3C16D08}"
EndProject
Global
	GlobalSection(SolutionConfigurationPlatforms) = preSolution
		Debug|Any CPU = Debug|Any CPU
		Release|Any CPU = Release|Any CPU
	EndGlobalSection
	GlobalSection(ProjectConfigurationPlatforms) = postSolution
		{1F503FFD-A31B-4A00-B8A6-EE1F0DB547FA}.Debug|Any CPU.ActiveCfg = Debug|Any CPU
		{1F503FFD-A31B-4A00-B8A6-EE1F0DB547FA}.Debug|Any CPU.Build.0 = Debug|Any CPU
		{1F503FFD-A31B-4A00-B8A6-EE1F0DB547FA}.Release|Any CPU.ActiveCfg = Release|Any CPU
		{1F503FFD-A31B-4A00-B8A6-EE1F0DB547FA}.Release|Any CPU.Build.0 = Release|Any CPU
		{FB111053-23FA-48B2-B8A7-A58EF3C16D08}.Debug|Any CPU.ActiveCfg = Debug|Any CPU
		{FB111053-23FA-48B2-B8A7-A58EF3C16D08}.Debug|Any CPU.Build.0 = Debug|Any CPU
		{FB111053-23FA-48B2-B8A7-A58EF3C16D08}.Release|Any CPU.ActiveCfg = Release|Any CPU
		{FB111053-23FA-48B2-B8A7-A58EF3C16D08}.Release|Any CPU.Build.0 = Release|Any CPU
	EndGlobalSection
	GlobalSection(SolutionProperties) = preSolution
		HideSolutionNode = FALSE
	EndGlobalSection
	GlobalSection(ExtensibilityGlobals) = postSolution
		SolutionGuid = {4A60C00F-3C59-42EF-BD6C-656328AA07B8}
	EndGlobalSection
EndGlobal
